
Microsoft Visual Studio Solution File, Format Version 12.00
# Visual Studio 15
Project("{f2a71f9b-5d33-465a-a702-920d77279786}") = "fsharp-tutorial", "fsharp-tutorial\fsharp-tutorial.fsproj", "{226DAA24-4761-4650-964C-C2E285929697}"
EndProject
Project("{F2A71F9B-5D33-465A-A702-920D77279786}") = "library-test", "library-test\library-test.fsproj", "{76BFC06C-80C0-4CF6-8312-EE3EAD9DFB96}"
EndProject
Global
	GlobalSection(SolutionConfigurationPlatforms) = preSolution
		Debug|Any CPU = Debug|Any CPU
		Release|Any CPU = Release|Any CPU
	EndGlobalSection
	GlobalSection(ProjectConfigurationPlatforms) = postSolution
		{226DAA24-4761-4650-964C-C2E285929697}.Debug|Any CPU.ActiveCfg = Debug|Any CPU
		{226DAA24-4761-4650-964C-C2E285929697}.Debug|Any CPU.Build.0 = Debug|Any CPU
		{226DAA24-4761-4650-964C-C2E285929697}.Release|Any CPU.ActiveCfg = Release|Any CPU
		{226DAA24-4761-4650-964C-C2E285929697}.Release|Any CPU.Build.0 = Release|Any CPU
		{76BFC06C-80C0-4CF6-8312-EE3EAD9DFB96}.Debug|Any CPU.ActiveCfg = Debug|Any CPU
		{76BFC06C-80C0-4CF6-8312-EE3EAD9DFB96}.Debug|Any CPU.Build.0 = Debug|Any CPU
		{76BFC06C-80C0-4CF6-8312-EE3EAD9DFB96}.Release|Any CPU.ActiveCfg = Release|Any CPU
		{76BFC06C-80C0-4CF6-8312-EE3EAD9DFB96}.Release|Any CPU.Build.0 = Release|Any CPU
	EndGlobalSection
EndGlobal
